
Microsoft Visual Studio Solution File, Format Version 12.00
# Visual Studio Version 17
VisualStudioVersion = 17.4.33403.182
MinimumVisualStudioVersion = 10.0.40219.1
Project("{FAE04EC0-301F-11D3-BF4B-00C04F79EFBC}") = "imagesLoader", "imagesLoader\imagesLoader.csproj", "{181DF498-0DA7-4BF4-A214-314727C9B55B}"
EndProject
Global
	GlobalSection(SolutionConfigurationPlatforms) = preSolution
		Debug|Any CPU = Debug|Any CPU
		Release|Any CPU = Release|Any CPU
	EndGlobalSection
	GlobalSection(ProjectConfigurationPlatforms) = postSolution
		{181DF498-0DA7-4BF4-A214-314727C9B55B}.Debug|Any CPU.ActiveCfg = Debug|Any CPU
		{181DF498-0DA7-4BF4-A214-314727C9B55B}.Debug|Any CPU.Build.0 = Debug|Any CPU
		{181DF498-0DA7-4BF4-A214-314727C9B55B}.Release|Any CPU.ActiveCfg = Release|Any CPU
		{181DF498-0DA7-4BF4-A214-314727C9B55B}.Release|Any CPU.Build.0 = Release|Any CPU
	EndGlobalSection
	GlobalSection(SolutionProperties) = preSolution
		HideSolutionNode = FALSE
	EndGlobalSection
	GlobalSection(ExtensibilityGlobals) = postSolution
		SolutionGuid = {F7A21A67-005C-417E-9961-E0F9AEF7A41D}
	EndGlobalSection
EndGlobal
